
Microsoft Visual Studio Solution File, Format Version 12.00
# Visual Studio 15
VisualStudioVersion = 15.0.28010.2046
MinimumVisualStudioVersion = 10.0.40219.1
Project("{FAE04EC0-301F-11D3-BF4B-00C04F79EFBC}") = "ISU FINAL", "ISU FINAL\ISU FINAL.csproj", "{358D78E8-9FC0-4DAE-9765-01EB68E8BDBD}"
EndProject
Global
	GlobalSection(SolutionConfigurationPlatforms) = preSolution
		Debug|Any CPU = Debug|Any CPU
		Release|Any CPU = Release|Any CPU
	EndGlobalSection
	GlobalSection(ProjectConfigurationPlatforms) = postSolution
		{358D78E8-9FC0-4DAE-9765-01EB68E8BDBD}.Debug|Any CPU.ActiveCfg = Debug|Any CPU
		{358D78E8-9FC0-4DAE-9765-01EB68E8BDBD}.Debug|Any CPU.Build.0 = Debug|Any CPU
		{358D78E8-9FC0-4DAE-9765-01EB68E8BDBD}.Release|Any CPU.ActiveCfg = Release|Any CPU
		{358D78E8-9FC0-4DAE-9765-01EB68E8BDBD}.Release|Any CPU.Build.0 = Release|Any CPU
	EndGlobalSection
	GlobalSection(SolutionProperties) = preSolution
		HideSolutionNode = FALSE
	EndGlobalSection
	GlobalSection(ExtensibilityGlobals) = postSolution
		SolutionGuid = {0C6AEA58-0ED0-4434-8439-6B1ABF92ED9F}
	EndGlobalSection
EndGlobal
